
Microsoft Visual Studio Solution File, Format Version 12.00
# Visual Studio Version 17
VisualStudioVersion = 17.14.36908.2 d17.14
MinimumVisualStudioVersion = 10.0.40219.1
Project("{FAE04EC0-301F-11D3-BF4B-00C04F79EFBC}") = "Belleza_Acivity8", "Belleza_Acivity8\Belleza_Acivity8.csproj", "{83D2F21B-3340-4ED4-8F82-36BA9112FE2F}"
EndProject
Global
	GlobalSection(SolutionConfigurationPlatforms) = preSolution
		Debug|Any CPU = Debug|Any CPU
		Release|Any CPU = Release|Any CPU
	EndGlobalSection
	GlobalSection(ProjectConfigurationPlatforms) = postSolution
		{83D2F21B-3340-4ED4-8F82-36BA9112FE2F}.Debug|Any CPU.ActiveCfg = Debug|Any CPU
		{83D2F21B-3340-4ED4-8F82-36BA9112FE2F}.Debug|Any CPU.Build.0 = Debug|Any CPU
		{83D2F21B-3340-4ED4-8F82-36BA9112FE2F}.Release|Any CPU.ActiveCfg = Release|Any CPU
		{83D2F21B-3340-4ED4-8F82-36BA9112FE2F}.Release|Any CPU.Build.0 = Release|Any CPU
	EndGlobalSection
	GlobalSection(SolutionProperties) = preSolution
		HideSolutionNode = FALSE
	EndGlobalSection
	GlobalSection(ExtensibilityGlobals) = postSolution
		SolutionGuid = {5FD5339B-AB3E-4555-9E3B-469276F77ED3}
	EndGlobalSection
EndGlobal
