
Microsoft Visual Studio Solution File, Format Version 12.00
# Visual Studio Version 17
VisualStudioVersion = 17.14.36221.1 d17.14
MinimumVisualStudioVersion = 10.0.40219.1
Project("{FAE04EC0-301F-11D3-BF4B-00C04F79EFBC}") = "Belleza_ACTIVITY 2", "Belleza_ACTIVITY 2\Belleza_ACTIVITY 2.csproj", "{96140227-8044-4AC2-94C0-BF3DC33AB89C}"
EndProject
Global
	GlobalSection(SolutionConfigurationPlatforms) = preSolution
		Debug|Any CPU = Debug|Any CPU
		Release|Any CPU = Release|Any CPU
	EndGlobalSection
	GlobalSection(ProjectConfigurationPlatforms) = postSolution
		{96140227-8044-4AC2-94C0-BF3DC33AB89C}.Debug|Any CPU.ActiveCfg = Debug|Any CPU
		{96140227-8044-4AC2-94C0-BF3DC33AB89C}.Debug|Any CPU.Build.0 = Debug|Any CPU
		{96140227-8044-4AC2-94C0-BF3DC33AB89C}.Release|Any CPU.ActiveCfg = Release|Any CPU
		{96140227-8044-4AC2-94C0-BF3DC33AB89C}.Release|Any CPU.Build.0 = Release|Any CPU
	EndGlobalSection
	GlobalSection(SolutionProperties) = preSolution
		HideSolutionNode = FALSE
	EndGlobalSection
	GlobalSection(ExtensibilityGlobals) = postSolution
		SolutionGuid = {61C64374-B471-44E6-96AE-8B79072AA800}
	EndGlobalSection
EndGlobal
