
Microsoft Visual Studio Solution File, Format Version 12.00
# Visual Studio Version 17
VisualStudioVersion = 17.14.36221.1 d17.14
MinimumVisualStudioVersion = 10.0.40219.1
Project("{FAE04EC0-301F-11D3-BF4B-00C04F79EFBC}") = "2d array", "2d array\2d array.csproj", "{31D71F4C-143B-4D26-9AE0-70DA4D07BE40}"
EndProject
Global
	GlobalSection(SolutionConfigurationPlatforms) = preSolution
		Debug|Any CPU = Debug|Any CPU
		Release|Any CPU = Release|Any CPU
	EndGlobalSection
	GlobalSection(ProjectConfigurationPlatforms) = postSolution
		{31D71F4C-143B-4D26-9AE0-70DA4D07BE40}.Debug|Any CPU.ActiveCfg = Debug|Any CPU
		{31D71F4C-143B-4D26-9AE0-70DA4D07BE40}.Debug|Any CPU.Build.0 = Debug|Any CPU
		{31D71F4C-143B-4D26-9AE0-70DA4D07BE40}.Release|Any CPU.ActiveCfg = Release|Any CPU
		{31D71F4C-143B-4D26-9AE0-70DA4D07BE40}.Release|Any CPU.Build.0 = Release|Any CPU
	EndGlobalSection
	GlobalSection(SolutionProperties) = preSolution
		HideSolutionNode = FALSE
	EndGlobalSection
	GlobalSection(ExtensibilityGlobals) = postSolution
		SolutionGuid = {213CC133-5988-405D-9F4E-9857070B2DAA}
	EndGlobalSection
EndGlobal
